
Microsoft Visual Studio Solution File, Format Version 12.00
# Visual Studio Version 17
VisualStudioVersion = 17.14.37516.0
MinimumVisualStudioVersion = 10.0.40219.1
Project("{FAE04EC0-301F-11D3-BF4B-00C04F79EFBC}") = "SalesCore.API", "SalesCore.API\SalesCore.API.csproj", "{FC3B02DB-8744-4B78-8546-494B8E4D38D8}"
	ProjectSection(ProjectDependencies) = postProject
		{1663C9BA-879F-4A37-A254-FF812D0F6262} = {1663C9BA-879F-4A37-A254-FF812D0F6262}
		{B90336F9-FCC4-489F-8F40-A5E5FFA3BAD2} = {B90336F9-FCC4-489F-8F40-A5E5FFA3BAD2}
	EndProjectSection
EndProject
Project("{FAE04EC0-301F-11D3-BF4B-00C04F79EFBC}") = "SalesCore.Application", "SalesCore.Application\SalesCore.Application.csproj", "{B90336F9-FCC4-489F-8F40-A5E5FFA3BAD2}"
	ProjectSection(ProjectDependencies) = postProject
		{0FE5A731-E12F-4793-BB98-3341DE907F04} = {0FE5A731-E12F-4793-BB98-3341DE907F04}
	EndProjectSection
EndProject
Project("{FAE04EC0-301F-11D3-BF4B-00C04F79EFBC}") = "SalesCore.Domain", "SalesCore.Domain\SalesCore.Domain.csproj", "{0FE5A731-E12F-4793-BB98-3341DE907F04}"
EndProject
Project("{FAE04EC0-301F-11D3-BF4B-00C04F79EFBC}") = "SalesCore.Infrastructure", "SalesCore.Infrastructure\SalesCore.Infrastructure.csproj", "{1663C9BA-879F-4A37-A254-FF812D0F6262}"
	ProjectSection(ProjectDependencies) = postProject
		{B90336F9-FCC4-489F-8F40-A5E5FFA3BAD2} = {B90336F9-FCC4-489F-8F40-A5E5FFA3BAD2}
	EndProjectSection
EndProject
Global
	GlobalSection(SolutionConfigurationPlatforms) = preSolution
		Debug|Any CPU = Debug|Any CPU
		Release|Any CPU = Release|Any CPU
	EndGlobalSection
	GlobalSection(ProjectConfigurationPlatforms) = postSolution
		{FC3B02DB-8744-4B78-8546-494B8E4D38D8}.Debug|Any CPU.ActiveCfg = Debug|Any CPU
		{FC3B02DB-8744-4B78-8546-494B8E4D38D8}.Debug|Any CPU.Build.0 = Debug|Any CPU
		{FC3B02DB-8744-4B78-8546-494B8E4D38D8}.Release|Any CPU.ActiveCfg = Release|Any CPU
		{FC3B02DB-8744-4B78-8546-494B8E4D38D8}.Release|Any CPU.Build.0 = Release|Any CPU
		{B90336F9-FCC4-489F-8F40-A5E5FFA3BAD2}.Debug|Any CPU.ActiveCfg = Debug|Any CPU
		{B90336F9-FCC4-489F-8F40-A5E5FFA3BAD2}.Debug|Any CPU.Build.0 = Debug|Any CPU
		{B90336F9-FCC4-489F-8F40-A5E5FFA3BAD2}.Release|Any CPU.ActiveCfg = Release|Any CPU
		{B90336F9-FCC4-489F-8F40-A5E5FFA3BAD2}.Release|Any CPU.Build.0 = Release|Any CPU
		{0FE5A731-E12F-4793-BB98-3341DE907F04}.Debug|Any CPU.ActiveCfg = Debug|Any CPU
		{0FE5A731-E12F-4793-BB98-3341DE907F04}.Debug|Any CPU.Build.0 = Debug|Any CPU
		{0FE5A731-E12F-4793-BB98-3341DE907F04}.Release|Any CPU.ActiveCfg = Release|Any CPU
		{0FE5A731-E12F-4793-BB98-3341DE907F04}.Release|Any CPU.Build.0 = Release|Any CPU
		{1663C9BA-879F-4A37-A254-FF812D0F6262}.Debug|Any CPU.ActiveCfg = Debug|Any CPU
		{1663C9BA-879F-4A37-A254-FF812D0F6262}.Debug|Any CPU.Build.0 = Debug|Any CPU
		{1663C9BA-879F-4A37-A254-FF812D0F6262}.Release|Any CPU.ActiveCfg = Release|Any CPU
		{1663C9BA-879F-4A37-A254-FF812D0F6262}.Release|Any CPU.Build.0 = Release|Any CPU
	EndGlobalSection
	GlobalSection(SolutionProperties) = preSolution
		HideSolutionNode = FALSE
	EndGlobalSection
	GlobalSection(ExtensibilityGlobals) = postSolution
		SolutionGuid = {D4DC5314-849D-4ECD-BD89-23212DA9B023}
	EndGlobalSection
EndGlobal
